
Microsoft Visual Studio Solution File, Format Version 12.00
# Visual Studio Version 17
VisualStudioVersion = 17.13.35828.75 d17.13
MinimumVisualStudioVersion = 10.0.40219.1
Project("{FAE04EC0-301F-11D3-BF4B-00C04F79EFBC}") = "notepad", "notepad\notepad.csproj", "{9763B869-72C7-41BB-AF6E-A61CB0256EDA}"
EndProject
Global
	GlobalSection(SolutionConfigurationPlatforms) = preSolution
		Debug|Any CPU = Debug|Any CPU
		Release|Any CPU = Release|Any CPU
	EndGlobalSection
	GlobalSection(ProjectConfigurationPlatforms) = postSolution
		{9763B869-72C7-41BB-AF6E-A61CB0256EDA}.Debug|Any CPU.ActiveCfg = Debug|Any CPU
		{9763B869-72C7-41BB-AF6E-A61CB0256EDA}.Debug|Any CPU.Build.0 = Debug|Any CPU
		{9763B869-72C7-41BB-AF6E-A61CB0256EDA}.Release|Any CPU.ActiveCfg = Release|Any CPU
		{9763B869-72C7-41BB-AF6E-A61CB0256EDA}.Release|Any CPU.Build.0 = Release|Any CPU
	EndGlobalSection
	GlobalSection(SolutionProperties) = preSolution
		HideSolutionNode = FALSE
	EndGlobalSection
	GlobalSection(ExtensibilityGlobals) = postSolution
		SolutionGuid = {C5144EE7-4A14-40D1-80ED-5D51CD64347A}
	EndGlobalSection
EndGlobal
